
Microsoft Visual Studio Solution File, Format Version 12.00
# Visual Studio 14
VisualStudioVersion = 14.0.25420.1
MinimumVisualStudioVersion = 10.0.40219.1
Project("{2150E333-8FDC-42A3-9474-1A3956D46DE8}") = "Tests", "Tests", "{D0487FFF-C778-416B-9D69-A78F3C9D8E31}"
EndProject
Project("{2150E333-8FDC-42A3-9474-1A3956D46DE8}") = "Web", "Web", "{A1D7CBF2-F0EB-4813-95DB-922AD0578E64}"
EndProject
Project("{2150E333-8FDC-42A3-9474-1A3956D46DE8}") = "Services", "Services", "{90F66DD6-4A47-4E29-A49A-0D25DEB19F00}"
EndProject
Project("{2150E333-8FDC-42A3-9474-1A3956D46DE8}") = "Data", "Data", "{292150DA-FD6F-4146-BF28-014F34A4D675}"
EndProject
Project("{2150E333-8FDC-42A3-9474-1A3956D46DE8}") = "Auth", "Auth", "{42108CAD-1468-44A0-9965-E31E94094C39}"
EndProject
Project("{FAE04EC0-301F-11D3-BF4B-00C04F79EFBC}") = "MyMarket.Web", "Web\MyMarket.Web\MyMarket.Web.csproj", "{603B371D-20B4-4D9E-A2C8-1930A0EBB5C7}"
EndProject
Project("{FAE04EC0-301F-11D3-BF4B-00C04F79EFBC}") = "MyMarket.Data.Models", "Data\MyMarket.Data.Models\MyMarket.Data.Models.csproj", "{45C7F315-2001-4745-BFFE-E7EED16342E1}"
EndProject
Project("{FAE04EC0-301F-11D3-BF4B-00C04F79EFBC}") = "MyMarket.Data", "Data\MyMarket.Data\MyMarket.Data.csproj", "{D07FCB5C-088D-478A-BE83-3CF7A8F633A7}"
EndProject
Project("{FAE04EC0-301F-11D3-BF4B-00C04F79EFBC}") = "MyMarket.Data.Common", "Data\MyMarket.Data.Common\MyMarket.Data.Common.csproj", "{1E420791-E729-454D-8CD0-51018841C74F}"
EndProject
Project("{FAE04EC0-301F-11D3-BF4B-00C04F79EFBC}") = "MyMarket.Web.Infrastructure", "Web\MyMarket.Web.Infrastructure\MyMarket.Web.Infrastructure.csproj", "{4981CC6A-2F01-43F9-9CD5-2AC1F6467347}"
EndProject
Project("{FAE04EC0-301F-11D3-BF4B-00C04F79EFBC}") = "MyMarket.Services.Data", "Services\MyMarket.Services.Data\MyMarket.Services.Data.csproj", "{54220273-9DB8-479A-9303-5DF6ECD3EECB}"
EndProject
Project("{FAE04EC0-301F-11D3-BF4B-00C04F79EFBC}") = "MyMarket.Services.Web", "Services\MyMarket.Services.Web\MyMarket.Services.Web.csproj", "{8FD8EE0D-DFB8-47AF-8E81-F015B104AD00}"
EndProject
Project("{2150E333-8FDC-42A3-9474-1A3956D46DE8}") = "Common", "Common", "{E59B5A2B-E435-410E-BE5E-3717D6B068F3}"
EndProject
Project("{FAE04EC0-301F-11D3-BF4B-00C04F79EFBC}") = "MyMarket.Common", "Common\MyMarket.Common\MyMarket.Common.csproj", "{250CED89-3811-4CE2-9817-C9C814E4001F}"
EndProject
Project("{FAE04EC0-301F-11D3-BF4B-00C04F79EFBC}") = "MyMarket.Services.FileSystem", "MyMarket.Services.FileSystem\MyMarket.Services.FileSystem.csproj", "{0090E452-D41C-4B73-88BA-9271749C67CD}"
EndProject
Global
	GlobalSection(SolutionConfigurationPlatforms) = preSolution
		Debug|Any CPU = Debug|Any CPU
		Release|Any CPU = Release|Any CPU
	EndGlobalSection
	GlobalSection(ProjectConfigurationPlatforms) = postSolution
		{603B371D-20B4-4D9E-A2C8-1930A0EBB5C7}.Debug|Any CPU.ActiveCfg = Debug|Any CPU
		{603B371D-20B4-4D9E-A2C8-1930A0EBB5C7}.Debug|Any CPU.Build.0 = Debug|Any CPU
		{603B371D-20B4-4D9E-A2C8-1930A0EBB5C7}.Release|Any CPU.ActiveCfg = Release|Any CPU
		{603B371D-20B4-4D9E-A2C8-1930A0EBB5C7}.Release|Any CPU.Build.0 = Release|Any CPU
		{45C7F315-2001-4745-BFFE-E7EED16342E1}.Debug|Any CPU.ActiveCfg = Debug|Any CPU
		{45C7F315-2001-4745-BFFE-E7EED16342E1}.Debug|Any CPU.Build.0 = Debug|Any CPU
		{45C7F315-2001-4745-BFFE-E7EED16342E1}.Release|Any CPU.ActiveCfg = Release|Any CPU
		{45C7F315-2001-4745-BFFE-E7EED16342E1}.Release|Any CPU.Build.0 = Release|Any CPU
		{D07FCB5C-088D-478A-BE83-3CF7A8F633A7}.Debug|Any CPU.ActiveCfg = Debug|Any CPU
		{D07FCB5C-088D-478A-BE83-3CF7A8F633A7}.Debug|Any CPU.Build.0 = Debug|Any CPU
		{D07FCB5C-088D-478A-BE83-3CF7A8F633A7}.Release|Any CPU.ActiveCfg = Release|Any CPU
		{D07FCB5C-088D-478A-BE83-3CF7A8F633A7}.Release|Any CPU.Build.0 = Release|Any CPU
		{1E420791-E729-454D-8CD0-51018841C74F}.Debug|Any CPU.ActiveCfg = Debug|Any CPU
		{1E420791-E729-454D-8CD0-51018841C74F}.Debug|Any CPU.Build.0 = Debug|Any CPU
		{1E420791-E729-454D-8CD0-51018841C74F}.Release|Any CPU.ActiveCfg = Release|Any CPU
		{1E420791-E729-454D-8CD0-51018841C74F}.Release|Any CPU.Build.0 = Release|Any CPU
		{4981CC6A-2F01-43F9-9CD5-2AC1F6467347}.Debug|Any CPU.ActiveCfg = Debug|Any CPU
		{4981CC6A-2F01-43F9-9CD5-2AC1F6467347}.Debug|Any CPU.Build.0 = Debug|Any CPU
		{4981CC6A-2F01-43F9-9CD5-2AC1F6467347}.Release|Any CPU.ActiveCfg = Release|Any CPU
		{4981CC6A-2F01-43F9-9CD5-2AC1F6467347}.Release|Any CPU.Build.0 = Release|Any CPU
		{54220273-9DB8-479A-9303-5DF6ECD3EECB}.Debug|Any CPU.ActiveCfg = Debug|Any CPU
		{54220273-9DB8-479A-9303-5DF6ECD3EECB}.Debug|Any CPU.Build.0 = Debug|Any CPU
		{54220273-9DB8-479A-9303-5DF6ECD3EECB}.Release|Any CPU.ActiveCfg = Release|Any CPU
		{54220273-9DB8-479A-9303-5DF6ECD3EECB}.Release|Any CPU.Build.0 = Release|Any CPU
		{8FD8EE0D-DFB8-47AF-8E81-F015B104AD00}.Debug|Any CPU.ActiveCfg = Debug|Any CPU
		{8FD8EE0D-DFB8-47AF-8E81-F015B104AD00}.Debug|Any CPU.Build.0 = Debug|Any CPU
		{8FD8EE0D-DFB8-47AF-8E81-F015B104AD00}.Release|Any CPU.ActiveCfg = Release|Any CPU
		{8FD8EE0D-DFB8-47AF-8E81-F015B104AD00}.Release|Any CPU.Build.0 = Release|Any CPU
		{250CED89-3811-4CE2-9817-C9C814E4001F}.Debug|Any CPU.ActiveCfg = Debug|Any CPU
		{250CED89-3811-4CE2-9817-C9C814E4001F}.Debug|Any CPU.Build.0 = Debug|Any CPU
		{250CED89-3811-4CE2-9817-C9C814E4001F}.Release|Any CPU.ActiveCfg = Release|Any CPU
		{250CED89-3811-4CE2-9817-C9C814E4001F}.Release|Any CPU.Build.0 = Release|Any CPU
		{0090E452-D41C-4B73-88BA-9271749C67CD}.Debug|Any CPU.ActiveCfg = Debug|Any CPU
		{0090E452-D41C-4B73-88BA-9271749C67CD}.Debug|Any CPU.Build.0 = Debug|Any CPU
		{0090E452-D41C-4B73-88BA-9271749C67CD}.Release|Any CPU.ActiveCfg = Release|Any CPU
		{0090E452-D41C-4B73-88BA-9271749C67CD}.Release|Any CPU.Build.0 = Release|Any CPU
	EndGlobalSection
	GlobalSection(SolutionProperties) = preSolution
		HideSolutionNode = FALSE
	EndGlobalSection
	GlobalSection(NestedProjects) = preSolution
		{603B371D-20B4-4D9E-A2C8-1930A0EBB5C7} = {A1D7CBF2-F0EB-4813-95DB-922AD0578E64}
		{45C7F315-2001-4745-BFFE-E7EED16342E1} = {292150DA-FD6F-4146-BF28-014F34A4D675}
		{D07FCB5C-088D-478A-BE83-3CF7A8F633A7} = {292150DA-FD6F-4146-BF28-014F34A4D675}
		{1E420791-E729-454D-8CD0-51018841C74F} = {292150DA-FD6F-4146-BF28-014F34A4D675}
		{4981CC6A-2F01-43F9-9CD5-2AC1F6467347} = {A1D7CBF2-F0EB-4813-95DB-922AD0578E64}
		{54220273-9DB8-479A-9303-5DF6ECD3EECB} = {90F66DD6-4A47-4E29-A49A-0D25DEB19F00}
		{8FD8EE0D-DFB8-47AF-8E81-F015B104AD00} = {90F66DD6-4A47-4E29-A49A-0D25DEB19F00}
		{250CED89-3811-4CE2-9817-C9C814E4001F} = {E59B5A2B-E435-410E-BE5E-3717D6B068F3}
		{0090E452-D41C-4B73-88BA-9271749C67CD} = {90F66DD6-4A47-4E29-A49A-0D25DEB19F00}
	EndGlobalSection
EndGlobal
